Microsoft Visual Studio Solution File, Format Version 8.00
Project("{8BC9CEB8-8B4A-11D0-8D11-00A0C91BC942}") = "nq", "src\nq\nq.vcproj", "{58855A69-FFAB-4A2F-8A6F-BDBDD1B34C1A}"
	ProjectSection(ProjectDependencies) = postProject
		{6BCDC134-3BC5-4713-B4DF-1C4C2BB73BE7} = {6BCDC134-3BC5-4713-B4DF-1C4C2BB73BE7}
		{F22C824B-34B7-4EC7-974C-804E21B0A422} = {F22C824B-34B7-4EC7-974C-804E21B0A422}
		{A8EAA17D-B423-4B59-869F-B9D1AFCFE448} = {A8EAA17D-B423-4B59-869F-B9D1AFCFE448}
		{084C867F-9D8B-4856-A50E-AD0A44CC614D} = {084C867F-9D8B-4856-A50E-AD0A44CC614D}
		{996BE59D-1460-48E3-A189-0423E78699FF} = {996BE59D-1460-48E3-A189-0423E78699FF}
	EndProjectSection
EndProject
Project("{8BC9CEB8-8B4A-11D0-8D11-00A0C91BC942}") = "twilight_base", "src\base\twilight_base.vcproj", "{F22C824B-34B7-4EC7-974C-804E21B0A422}"
	ProjectSection(ProjectDependencies) = postProject
	EndProjectSection
EndProject
Project("{8BC9CEB8-8B4A-11D0-8D11-00A0C91BC942}") = "twilight_image", "src\image\twilight_image.vcproj", "{084C867F-9D8B-4856-A50E-AD0A44CC614D}"
	ProjectSection(ProjectDependencies) = postProject
	EndProjectSection
EndProject
Project("{8BC9CEB8-8B4A-11D0-8D11-00A0C91BC942}") = "twilight_renderer", "src\renderer\twilight_renderer.vcproj", "{996BE59D-1460-48E3-A189-0423E78699FF}"
	ProjectSection(ProjectDependencies) = postProject
	EndProjectSection
EndProject
Project("{8BC9CEB8-8B4A-11D0-8D11-00A0C91BC942}") = "twilight_sound", "src\sound\twilight_sound.vcproj", "{6BCDC134-3BC5-4713-B4DF-1C4C2BB73BE7}"
	ProjectSection(ProjectDependencies) = postProject
	EndProjectSection
EndProject
Project("{8BC9CEB8-8B4A-11D0-8D11-00A0C91BC942}") = "twilight_client", "src\client\twilight_client.vcproj", "{A8EAA17D-B423-4B59-869F-B9D1AFCFE448}"
	ProjectSection(ProjectDependencies) = postProject
	EndProjectSection
EndProject
Global
	GlobalSection(SolutionConfiguration) = preSolution
		Debug = Debug
		Release = Release
	EndGlobalSection
	GlobalSection(ProjectConfiguration) = postSolution
		{58855A69-FFAB-4A2F-8A6F-BDBDD1B34C1A}.Debug.ActiveCfg = Debug|Win32
		{58855A69-FFAB-4A2F-8A6F-BDBDD1B34C1A}.Debug.Build.0 = Debug|Win32
		{58855A69-FFAB-4A2F-8A6F-BDBDD1B34C1A}.Release.ActiveCfg = Release|Win32
		{58855A69-FFAB-4A2F-8A6F-BDBDD1B34C1A}.Release.Build.0 = Release|Win32
		{F22C824B-34B7-4EC7-974C-804E21B0A422}.Debug.ActiveCfg = Debug|Win32
		{F22C824B-34B7-4EC7-974C-804E21B0A422}.Debug.Build.0 = Debug|Win32
		{F22C824B-34B7-4EC7-974C-804E21B0A422}.Release.ActiveCfg = Release|Win32
		{F22C824B-34B7-4EC7-974C-804E21B0A422}.Release.Build.0 = Release|Win32
		{084C867F-9D8B-4856-A50E-AD0A44CC614D}.Debug.ActiveCfg = Debug|Win32
		{084C867F-9D8B-4856-A50E-AD0A44CC614D}.Debug.Build.0 = Debug|Win32
		{084C867F-9D8B-4856-A50E-AD0A44CC614D}.Release.ActiveCfg = Release|Win32
		{084C867F-9D8B-4856-A50E-AD0A44CC614D}.Release.Build.0 = Release|Win32
		{996BE59D-1460-48E3-A189-0423E78699FF}.Debug.ActiveCfg = Debug|Win32
		{996BE59D-1460-48E3-A189-0423E78699FF}.Debug.Build.0 = Debug|Win32
		{996BE59D-1460-48E3-A189-0423E78699FF}.Release.ActiveCfg = Release|Win32
		{996BE59D-1460-48E3-A189-0423E78699FF}.Release.Build.0 = Release|Win32
		{6BCDC134-3BC5-4713-B4DF-1C4C2BB73BE7}.Debug.ActiveCfg = Debug|Win32
		{6BCDC134-3BC5-4713-B4DF-1C4C2BB73BE7}.Debug.Build.0 = Debug|Win32
		{6BCDC134-3BC5-4713-B4DF-1C4C2BB73BE7}.Release.ActiveCfg = Release|Win32
		{6BCDC134-3BC5-4713-B4DF-1C4C2BB73BE7}.Release.Build.0 = Release|Win32
		{A8EAA17D-B423-4B59-869F-B9D1AFCFE448}.Debug.ActiveCfg = Debug|Win32
		{A8EAA17D-B423-4B59-869F-B9D1AFCFE448}.Debug.Build.0 = Debug|Win32
		{A8EAA17D-B423-4B59-869F-B9D1AFCFE448}.Release.ActiveCfg = Release|Win32
		{A8EAA17D-B423-4B59-869F-B9D1AFCFE448}.Release.Build.0 = Release|Win32
	EndGlobalSection
	GlobalSection(ExtensibilityGlobals) = postSolution
	EndGlobalSection
	GlobalSection(ExtensibilityAddIns) = postSolution
	EndGlobalSection
EndGlobal
