Microsoft Visual Studio Solution File, Format Version 8.00
Project("{8BC9CEB8-8B4A-11D0-8D11-00A0C91BC942}") = "nq", "src\nq\nq.vcproj", "{CC57BEDA-4EE7-4BED-B9D5-F99C5EB7265F}"
	ProjectSection(ProjectDependencies) = postProject
		{2150F80F-2C50-46ED-B2CF-462106110818} = {2150F80F-2C50-46ED-B2CF-462106110818}
		{5D648465-1D65-4C13-8359-A67BD545C007} = {5D648465-1D65-4C13-8359-A67BD545C007}
		{E090B1A9-C68E-4FC8-B727-A6308D4205FB} = {E090B1A9-C68E-4FC8-B727-A6308D4205FB}
		{88FE9DC4-BF48-4674-8AD9-B0512A5B77D0} = {88FE9DC4-BF48-4674-8AD9-B0512A5B77D0}
		{D30601C8-1315-4140-8A45-553512680470} = {D30601C8-1315-4140-8A45-553512680470}
		{E25465FE-EC62-46B4-9FE8-720FABFD2051} = {E25465FE-EC62-46B4-9FE8-720FABFD2051}
	EndProjectSection
EndProject
Project("{8BC9CEB8-8B4A-11D0-8D11-00A0C91BC942}") = "qw", "src\qw\qw.vcproj", "{5965B18B-A705-4BE1-A9E6-EB85B1E5A2A2}"
	ProjectSection(ProjectDependencies) = postProject
		{2150F80F-2C50-46ED-B2CF-462106110818} = {2150F80F-2C50-46ED-B2CF-462106110818}
		{5D648465-1D65-4C13-8359-A67BD545C007} = {5D648465-1D65-4C13-8359-A67BD545C007}
		{E090B1A9-C68E-4FC8-B727-A6308D4205FB} = {E090B1A9-C68E-4FC8-B727-A6308D4205FB}
		{88FE9DC4-BF48-4674-8AD9-B0512A5B77D0} = {88FE9DC4-BF48-4674-8AD9-B0512A5B77D0}
		{D30601C8-1315-4140-8A45-553512680470} = {D30601C8-1315-4140-8A45-553512680470}
		{E25465FE-EC62-46B4-9FE8-720FABFD2051} = {E25465FE-EC62-46B4-9FE8-720FABFD2051}
	EndProjectSection
EndProject
Project("{8BC9CEB8-8B4A-11D0-8D11-00A0C91BC942}") = "qwsv", "src\qw\qwsv.vcproj", "{B8566B8F-15C1-426D-BA13-0B66828D6659}"
	ProjectSection(ProjectDependencies) = postProject
		{2150F80F-2C50-46ED-B2CF-462106110818} = {2150F80F-2C50-46ED-B2CF-462106110818}
		{E25465FE-EC62-46B4-9FE8-720FABFD2051} = {E25465FE-EC62-46B4-9FE8-720FABFD2051}
	EndProjectSection
EndProject
Project("{8BC9CEB8-8B4A-11D0-8D11-00A0C91BC942}") = "twilight_base", "src\base\twilight_base.vcproj", "{2150F80F-2C50-46ED-B2CF-462106110818}"
	ProjectSection(ProjectDependencies) = postProject
	EndProjectSection
EndProject
Project("{8BC9CEB8-8B4A-11D0-8D11-00A0C91BC942}") = "twilight_client", "src\client\twilight_client.vcproj", "{D30601C8-1315-4140-8A45-553512680470}"
	ProjectSection(ProjectDependencies) = postProject
	EndProjectSection
EndProject
Project("{8BC9CEB8-8B4A-11D0-8D11-00A0C91BC942}") = "twilight_image", "src\image\twilight_image.vcproj", "{E090B1A9-C68E-4FC8-B727-A6308D4205FB}"
	ProjectSection(ProjectDependencies) = postProject
	EndProjectSection
EndProject
Project("{8BC9CEB8-8B4A-11D0-8D11-00A0C91BC942}") = "twilight_renderer", "src\renderer\twilight_renderer.vcproj", "{5D648465-1D65-4C13-8359-A67BD545C007}"
	ProjectSection(ProjectDependencies) = postProject
	EndProjectSection
EndProject
Project("{8BC9CEB8-8B4A-11D0-8D11-00A0C91BC942}") = "twilight_sound", "src\sound\twilight_sound.vcproj", "{88FE9DC4-BF48-4674-8AD9-B0512A5B77D0}"
	ProjectSection(ProjectDependencies) = postProject
	EndProjectSection
EndProject
Project("{8BC9CEB8-8B4A-11D0-8D11-00A0C91BC942}") = "lhbin2c", "src\tools\lhbin2c.vcproj", "{C8EE5C1E-B5D0-4046-B889-C059C5136431}"
	ProjectSection(ProjectDependencies) = postProject
	EndProjectSection
EndProject
Project("{8BC9CEB8-8B4A-11D0-8D11-00A0C91BC942}") = "twilight_fs", "src\fs\twilight_fs.vcproj", "{E25465FE-EC62-46B4-9FE8-720FABFD2051}"
	ProjectSection(ProjectDependencies) = postProject
		{C8EE5C1E-B5D0-4046-B889-C059C5136431} = {C8EE5C1E-B5D0-4046-B889-C059C5136431}
	EndProjectSection
EndProject
Global
	GlobalSection(SolutionConfiguration) = preSolution
		Debug = Debug
		Release = Release
	EndGlobalSection
	GlobalSection(ProjectConfiguration) = postSolution
		{CC57BEDA-4EE7-4BED-B9D5-F99C5EB7265F}.Debug.ActiveCfg = Debug|Win32
		{CC57BEDA-4EE7-4BED-B9D5-F99C5EB7265F}.Debug.Build.0 = Debug|Win32
		{CC57BEDA-4EE7-4BED-B9D5-F99C5EB7265F}.Release.ActiveCfg = Release|Win32
		{CC57BEDA-4EE7-4BED-B9D5-F99C5EB7265F}.Release.Build.0 = Release|Win32
		{5965B18B-A705-4BE1-A9E6-EB85B1E5A2A2}.Debug.ActiveCfg = Debug|Win32
		{5965B18B-A705-4BE1-A9E6-EB85B1E5A2A2}.Debug.Build.0 = Debug|Win32
		{5965B18B-A705-4BE1-A9E6-EB85B1E5A2A2}.Release.ActiveCfg = Release|Win32
		{5965B18B-A705-4BE1-A9E6-EB85B1E5A2A2}.Release.Build.0 = Release|Win32
		{B8566B8F-15C1-426D-BA13-0B66828D6659}.Debug.ActiveCfg = Debug|Win32
		{B8566B8F-15C1-426D-BA13-0B66828D6659}.Debug.Build.0 = Debug|Win32
		{B8566B8F-15C1-426D-BA13-0B66828D6659}.Release.ActiveCfg = Release|Win32
		{B8566B8F-15C1-426D-BA13-0B66828D6659}.Release.Build.0 = Release|Win32
		{2150F80F-2C50-46ED-B2CF-462106110818}.Debug.ActiveCfg = Debug|Win32
		{2150F80F-2C50-46ED-B2CF-462106110818}.Debug.Build.0 = Debug|Win32
		{2150F80F-2C50-46ED-B2CF-462106110818}.Release.ActiveCfg = Release|Win32
		{2150F80F-2C50-46ED-B2CF-462106110818}.Release.Build.0 = Release|Win32
		{D30601C8-1315-4140-8A45-553512680470}.Debug.ActiveCfg = Debug|Win32
		{D30601C8-1315-4140-8A45-553512680470}.Debug.Build.0 = Debug|Win32
		{D30601C8-1315-4140-8A45-553512680470}.Release.ActiveCfg = Release|Win32
		{D30601C8-1315-4140-8A45-553512680470}.Release.Build.0 = Release|Win32
		{E090B1A9-C68E-4FC8-B727-A6308D4205FB}.Debug.ActiveCfg = Debug|Win32
		{E090B1A9-C68E-4FC8-B727-A6308D4205FB}.Debug.Build.0 = Debug|Win32
		{E090B1A9-C68E-4FC8-B727-A6308D4205FB}.Release.ActiveCfg = Release|Win32
		{E090B1A9-C68E-4FC8-B727-A6308D4205FB}.Release.Build.0 = Release|Win32
		{5D648465-1D65-4C13-8359-A67BD545C007}.Debug.ActiveCfg = Debug|Win32
		{5D648465-1D65-4C13-8359-A67BD545C007}.Debug.Build.0 = Debug|Win32
		{5D648465-1D65-4C13-8359-A67BD545C007}.Release.ActiveCfg = Release|Win32
		{5D648465-1D65-4C13-8359-A67BD545C007}.Release.Build.0 = Release|Win32
		{88FE9DC4-BF48-4674-8AD9-B0512A5B77D0}.Debug.ActiveCfg = Debug|Win32
		{88FE9DC4-BF48-4674-8AD9-B0512A5B77D0}.Debug.Build.0 = Debug|Win32
		{88FE9DC4-BF48-4674-8AD9-B0512A5B77D0}.Release.ActiveCfg = Release|Win32
		{88FE9DC4-BF48-4674-8AD9-B0512A5B77D0}.Release.Build.0 = Release|Win32
		{C8EE5C1E-B5D0-4046-B889-C059C5136431}.Debug.ActiveCfg = Debug|Win32
		{C8EE5C1E-B5D0-4046-B889-C059C5136431}.Debug.Build.0 = Debug|Win32
		{C8EE5C1E-B5D0-4046-B889-C059C5136431}.Release.ActiveCfg = Release|Win32
		{C8EE5C1E-B5D0-4046-B889-C059C5136431}.Release.Build.0 = Release|Win32
		{E25465FE-EC62-46B4-9FE8-720FABFD2051}.Debug.ActiveCfg = Debug|Win32
		{E25465FE-EC62-46B4-9FE8-720FABFD2051}.Debug.Build.0 = Debug|Win32
		{E25465FE-EC62-46B4-9FE8-720FABFD2051}.Release.ActiveCfg = Release|Win32
		{E25465FE-EC62-46B4-9FE8-720FABFD2051}.Release.Build.0 = Release|Win32
	EndGlobalSection
	GlobalSection(ExtensibilityGlobals) = postSolution
	EndGlobalSection
	GlobalSection(ExtensibilityAddIns) = postSolution
	EndGlobalSection
EndGlobal
