Microsoft Visual Studio Solution File, Format Version 7.00
Project("{8BC9CEB8-8B4A-11D0-8D11-00A0C91BC942}") = "nq", "nq\nq.vcproj", "{FB5A69C4-9DD7-4BBE-A48D-FB0F48884C52}"
EndProject
Project("{8BC9CEB8-8B4A-11D0-8D11-00A0C91BC942}") = "qw", "qw\qw.vcproj", "{E8FC2192-3B76-4189-AB24-EB54EFEA581C}"
EndProject
Project("{8BC9CEB8-8B4A-11D0-8D11-00A0C91BC942}") = "qwsv", "qw\qwsv.vcproj", "{1AE5F481-535C-4209-A875-08ADBEEC1A62}"
EndProject
Project("{8BC9CEB8-8B4A-11D0-8D11-00A0C91BC942}") = "twilight_base", "src\base\twilight_base.vcproj", "{402AA198-4FA0-4A96-9C40-2616895D978F}"
EndProject
Project("{8BC9CEB8-8B4A-11D0-8D11-00A0C91BC942}") = "twilight_image", "src\image\twilight_image.vcproj", "{F61F6042-CE6C-4C69-B035-863547896DE5}"
EndProject
Project("{8BC9CEB8-8B4A-11D0-8D11-00A0C91BC942}") = "twilight_renderer", "src\renderer\twilight_renderer.vcproj", "{D8A57E14-8312-42E2-99A0-9609B90FD2E9}"
EndProject
Project("{8BC9CEB8-8B4A-11D0-8D11-00A0C91BC942}") = "twilight_sound", "src\sound\twilight_sound.vcproj", "{3A3E61C0-6B71-4D6B-8225-9637F1AAE5B2}"
EndProject
Global
	GlobalSection(SolutionConfiguration) = preSolution
		ConfigName.0 = Debug
		ConfigName.1 = Release
	EndGlobalSection
	GlobalSection(ProjectDependencies) = postSolution
		{FB5A69C4-9DD7-4BBE-A48D-FB0F48884C52}.0 = {F61F6042-CE6C-4C69-B035-863547896DE5}
		{FB5A69C4-9DD7-4BBE-A48D-FB0F48884C52}.1 = {3A3E61C0-6B71-4D6B-8225-9637F1AAE5B2}
		{FB5A69C4-9DD7-4BBE-A48D-FB0F48884C52}.2 = {D8A57E14-8312-42E2-99A0-9609B90FD2E9}
		{FB5A69C4-9DD7-4BBE-A48D-FB0F48884C52}.3 = {402AA198-4FA0-4A96-9C40-2616895D978F}
		{E8FC2192-3B76-4189-AB24-EB54EFEA581C}.0 = {F61F6042-CE6C-4C69-B035-863547896DE5}
		{E8FC2192-3B76-4189-AB24-EB54EFEA581C}.1 = {3A3E61C0-6B71-4D6B-8225-9637F1AAE5B2}
		{E8FC2192-3B76-4189-AB24-EB54EFEA581C}.2 = {D8A57E14-8312-42E2-99A0-9609B90FD2E9}
		{E8FC2192-3B76-4189-AB24-EB54EFEA581C}.3 = {402AA198-4FA0-4A96-9C40-2616895D978F}
		{1AE5F481-535C-4209-A875-08ADBEEC1A62}.0 = {D8A57E14-8312-42E2-99A0-9609B90FD2E9}
		{1AE5F481-535C-4209-A875-08ADBEEC1A62}.1 = {402AA198-4FA0-4A96-9C40-2616895D978F}
	EndGlobalSection
	GlobalSection(ProjectConfiguration) = postSolution
		{FB5A69C4-9DD7-4BBE-A48D-FB0F48884C52}.Debug.ActiveCfg = Debug|Win32
		{FB5A69C4-9DD7-4BBE-A48D-FB0F48884C52}.Debug.Build.0 = Debug|Win32
		{FB5A69C4-9DD7-4BBE-A48D-FB0F48884C52}.Release.ActiveCfg = Release|Win32
		{FB5A69C4-9DD7-4BBE-A48D-FB0F48884C52}.Release.Build.0 = Release|Win32
		{E8FC2192-3B76-4189-AB24-EB54EFEA581C}.Debug.ActiveCfg = Debug|Win32
		{E8FC2192-3B76-4189-AB24-EB54EFEA581C}.Debug.Build.0 = Debug|Win32
		{E8FC2192-3B76-4189-AB24-EB54EFEA581C}.Release.ActiveCfg = Release|Win32
		{E8FC2192-3B76-4189-AB24-EB54EFEA581C}.Release.Build.0 = Release|Win32
		{1AE5F481-535C-4209-A875-08ADBEEC1A62}.Debug.ActiveCfg = Debug|Win32
		{1AE5F481-535C-4209-A875-08ADBEEC1A62}.Debug.Build.0 = Debug|Win32
		{1AE5F481-535C-4209-A875-08ADBEEC1A62}.Release.ActiveCfg = Release|Win32
		{1AE5F481-535C-4209-A875-08ADBEEC1A62}.Release.Build.0 = Release|Win32
		{402AA198-4FA0-4A96-9C40-2616895D978F}.Debug.ActiveCfg = Debug|Win32
		{402AA198-4FA0-4A96-9C40-2616895D978F}.Debug.Build.0 = Debug|Win32
		{402AA198-4FA0-4A96-9C40-2616895D978F}.Release.ActiveCfg = Release|Win32
		{402AA198-4FA0-4A96-9C40-2616895D978F}.Release.Build.0 = Release|Win32
		{F61F6042-CE6C-4C69-B035-863547896DE5}.Debug.ActiveCfg = Debug|Win32
		{F61F6042-CE6C-4C69-B035-863547896DE5}.Debug.Build.0 = Debug|Win32
		{F61F6042-CE6C-4C69-B035-863547896DE5}.Release.ActiveCfg = Release|Win32
		{F61F6042-CE6C-4C69-B035-863547896DE5}.Release.Build.0 = Release|Win32
		{D8A57E14-8312-42E2-99A0-9609B90FD2E9}.Debug.ActiveCfg = Debug|Win32
		{D8A57E14-8312-42E2-99A0-9609B90FD2E9}.Debug.Build.0 = Debug|Win32
		{D8A57E14-8312-42E2-99A0-9609B90FD2E9}.Release.ActiveCfg = Release|Win32
		{D8A57E14-8312-42E2-99A0-9609B90FD2E9}.Release.Build.0 = Release|Win32
		{3A3E61C0-6B71-4D6B-8225-9637F1AAE5B2}.Debug.ActiveCfg = Debug|Win32
		{3A3E61C0-6B71-4D6B-8225-9637F1AAE5B2}.Debug.Build.0 = Debug|Win32
		{3A3E61C0-6B71-4D6B-8225-9637F1AAE5B2}.Release.ActiveCfg = Release|Win32
		{3A3E61C0-6B71-4D6B-8225-9637F1AAE5B2}.Release.Build.0 = Release|Win32
	EndGlobalSection
	GlobalSection(ExtensibilityGlobals) = postSolution
	EndGlobalSection
	GlobalSection(ExtensibilityAddIns) = postSolution
	EndGlobalSection
EndGlobal
